
Microsoft Visual Studio Solution File, Format Version 12.00
Project("{FAE04EC0-301F-11D3-BF4B-00C04F79EFBC}") = "Gee.External.Capstone", "..\..\Capstone.NET\Gee.External.Capstone\Gee.External.Capstone.csproj", "{CA3E56A5-B5E3-4FDD-82A2-E995BCF8011E}"
EndProject
Project("{FAE04EC0-301F-11D3-BF4B-00C04F79EFBC}") = "Code4Arm.LanguageServer", "Code4Arm.LanguageServer\Code4Arm.LanguageServer.csproj", "{C827533A-7569-40C2-8F0D-4A292B73C591}"
EndProject
Project("{FAE04EC0-301F-11D3-BF4B-00C04F79EFBC}") = "Code4Arm.LanguageServer.Tests", "Code4Arm.LanguageServer.Tests\Code4Arm.LanguageServer.Tests.csproj", "{852EF7FD-68CC-4157-B8B6-6578B9D6D939}"
EndProject
Project("{FAE04EC0-301F-11D3-BF4B-00C04F79EFBC}") = "Code4Arm.ExecutionCore", "Code4Arm.ExecutionCore\Code4Arm.ExecutionCore.csproj", "{98417894-2E87-490F-AB2B-5ED41AE6B3BD}"
EndProject
Project("{FAE04EC0-301F-11D3-BF4B-00C04F79EFBC}") = "CoreExperiments", "CoreExperiments\CoreExperiments.csproj", "{FAFA8A42-D25E-4A0C-AAFC-6608DBB98794}"
EndProject
Project("{FAE04EC0-301F-11D3-BF4B-00C04F79EFBC}") = "Code4Arm.Unicorn", "Code4Arm.Unicorn\Code4Arm.Unicorn.csproj", "{8892001C-2B2E-457D-9DF6-A9DB9A4B87D6}"
EndProject
Project("{FAE04EC0-301F-11D3-BF4B-00C04F79EFBC}") = "Code4Arm.ExecutionCore.Protocol", "Code4Arm.ExecutionCore.Protocol\Code4Arm.ExecutionCore.Protocol.csproj", "{FD1FC091-2706-4AB2-816A-BDFBCD13FC64}"
EndProject
Project("{FAE04EC0-301F-11D3-BF4B-00C04F79EFBC}") = "Code4Arm.ExecutionCore.Dwarf", "Code4Arm.ExecutionCore.Dwarf\Code4Arm.ExecutionCore.Dwarf.csproj", "{D28C93D3-EB39-49FC-B05C-557C62A49548}"
EndProject
Project("{FAE04EC0-301F-11D3-BF4B-00C04F79EFBC}") = "Code4Arm.ExecutionService", "Code4Arm.ExecutionService\Code4Arm.ExecutionService.csproj", "{2AB9358E-6301-4A67-8650-8BA2EBE591A7}"
EndProject
Global
	GlobalSection(SolutionConfigurationPlatforms) = preSolution
		Debug|Any CPU = Debug|Any CPU
		Release|Any CPU = Release|Any CPU
	EndGlobalSection
	GlobalSection(ProjectConfigurationPlatforms) = postSolution
		{CA3E56A5-B5E3-4FDD-82A2-E995BCF8011E}.Debug|Any CPU.ActiveCfg = Debug|Any CPU
		{CA3E56A5-B5E3-4FDD-82A2-E995BCF8011E}.Debug|Any CPU.Build.0 = Debug|Any CPU
		{CA3E56A5-B5E3-4FDD-82A2-E995BCF8011E}.Release|Any CPU.ActiveCfg = Release|Any CPU
		{CA3E56A5-B5E3-4FDD-82A2-E995BCF8011E}.Release|Any CPU.Build.0 = Release|Any CPU
		{C827533A-7569-40C2-8F0D-4A292B73C591}.Debug|Any CPU.ActiveCfg = Debug|Any CPU
		{C827533A-7569-40C2-8F0D-4A292B73C591}.Debug|Any CPU.Build.0 = Debug|Any CPU
		{C827533A-7569-40C2-8F0D-4A292B73C591}.Release|Any CPU.ActiveCfg = Release|Any CPU
		{C827533A-7569-40C2-8F0D-4A292B73C591}.Release|Any CPU.Build.0 = Release|Any CPU
		{852EF7FD-68CC-4157-B8B6-6578B9D6D939}.Debug|Any CPU.ActiveCfg = Debug|Any CPU
		{852EF7FD-68CC-4157-B8B6-6578B9D6D939}.Debug|Any CPU.Build.0 = Debug|Any CPU
		{852EF7FD-68CC-4157-B8B6-6578B9D6D939}.Release|Any CPU.ActiveCfg = Release|Any CPU
		{852EF7FD-68CC-4157-B8B6-6578B9D6D939}.Release|Any CPU.Build.0 = Release|Any CPU
		{98417894-2E87-490F-AB2B-5ED41AE6B3BD}.Debug|Any CPU.ActiveCfg = Debug|Any CPU
		{98417894-2E87-490F-AB2B-5ED41AE6B3BD}.Debug|Any CPU.Build.0 = Debug|Any CPU
		{98417894-2E87-490F-AB2B-5ED41AE6B3BD}.Release|Any CPU.ActiveCfg = Release|Any CPU
		{98417894-2E87-490F-AB2B-5ED41AE6B3BD}.Release|Any CPU.Build.0 = Release|Any CPU
		{FAFA8A42-D25E-4A0C-AAFC-6608DBB98794}.Debug|Any CPU.ActiveCfg = Debug|Any CPU
		{FAFA8A42-D25E-4A0C-AAFC-6608DBB98794}.Debug|Any CPU.Build.0 = Debug|Any CPU
		{FAFA8A42-D25E-4A0C-AAFC-6608DBB98794}.Release|Any CPU.ActiveCfg = Release|Any CPU
		{FAFA8A42-D25E-4A0C-AAFC-6608DBB98794}.Release|Any CPU.Build.0 = Release|Any CPU
		{8892001C-2B2E-457D-9DF6-A9DB9A4B87D6}.Debug|Any CPU.ActiveCfg = Debug|Any CPU
		{8892001C-2B2E-457D-9DF6-A9DB9A4B87D6}.Debug|Any CPU.Build.0 = Debug|Any CPU
		{8892001C-2B2E-457D-9DF6-A9DB9A4B87D6}.Release|Any CPU.ActiveCfg = Release|Any CPU
		{8892001C-2B2E-457D-9DF6-A9DB9A4B87D6}.Release|Any CPU.Build.0 = Release|Any CPU
		{FD1FC091-2706-4AB2-816A-BDFBCD13FC64}.Debug|Any CPU.ActiveCfg = Debug|Any CPU
		{FD1FC091-2706-4AB2-816A-BDFBCD13FC64}.Debug|Any CPU.Build.0 = Debug|Any CPU
		{FD1FC091-2706-4AB2-816A-BDFBCD13FC64}.Release|Any CPU.ActiveCfg = Release|Any CPU
		{FD1FC091-2706-4AB2-816A-BDFBCD13FC64}.Release|Any CPU.Build.0 = Release|Any CPU
		{D28C93D3-EB39-49FC-B05C-557C62A49548}.Debug|Any CPU.ActiveCfg = Debug|Any CPU
		{D28C93D3-EB39-49FC-B05C-557C62A49548}.Debug|Any CPU.Build.0 = Debug|Any CPU
		{D28C93D3-EB39-49FC-B05C-557C62A49548}.Release|Any CPU.ActiveCfg = Release|Any CPU
		{D28C93D3-EB39-49FC-B05C-557C62A49548}.Release|Any CPU.Build.0 = Release|Any CPU
		{2AB9358E-6301-4A67-8650-8BA2EBE591A7}.Debug|Any CPU.ActiveCfg = Debug|Any CPU
		{2AB9358E-6301-4A67-8650-8BA2EBE591A7}.Debug|Any CPU.Build.0 = Debug|Any CPU
		{2AB9358E-6301-4A67-8650-8BA2EBE591A7}.Release|Any CPU.ActiveCfg = Release|Any CPU
		{2AB9358E-6301-4A67-8650-8BA2EBE591A7}.Release|Any CPU.Build.0 = Release|Any CPU
	EndGlobalSection
EndGlobal
