
Microsoft Visual Studio Solution File, Format Version 12.00
# Visual Studio Version 17
VisualStudioVersion = 17.2.32519.379
MinimumVisualStudioVersion = 10.0.40219.1
Project("{9A19103F-16F7-4668-BE54-9A1E7A4F7556}") = "Code4Arm.LanguageServer", "Code4Arm.LanguageServer\Code4Arm.LanguageServer.csproj", "{C827533A-7569-40C2-8F0D-4A292B73C591}"
EndProject
Project("{9A19103F-16F7-4668-BE54-9A1E7A4F7556}") = "Code4Arm.LanguageServer.Tests", "Code4Arm.LanguageServer.Tests\Code4Arm.LanguageServer.Tests.csproj", "{852EF7FD-68CC-4157-B8B6-6578B9D6D939}"
EndProject
Project("{9A19103F-16F7-4668-BE54-9A1E7A4F7556}") = "Code4Arm.ExecutionCore", "Code4Arm.ExecutionCore\Code4Arm.ExecutionCore.csproj", "{98417894-2E87-490F-AB2B-5ED41AE6B3BD}"
EndProject
Project("{9A19103F-16F7-4668-BE54-9A1E7A4F7556}") = "CoreExperiments", "CoreExperiments\CoreExperiments.csproj", "{FAFA8A42-D25E-4A0C-AAFC-6608DBB98794}"
EndProject
Project("{9A19103F-16F7-4668-BE54-9A1E7A4F7556}") = "Code4Arm.Unicorn", "Code4Arm.Unicorn\Code4Arm.Unicorn.csproj", "{8892001C-2B2E-457D-9DF6-A9DB9A4B87D6}"
EndProject
Project("{9A19103F-16F7-4668-BE54-9A1E7A4F7556}") = "Code4Arm.ExecutionCore.Protocol", "Code4Arm.ExecutionCore.Protocol\Code4Arm.ExecutionCore.Protocol.csproj", "{FD1FC091-2706-4AB2-816A-BDFBCD13FC64}"
EndProject
Project("{9A19103F-16F7-4668-BE54-9A1E7A4F7556}") = "Code4Arm.ExecutionCore.Dwarf", "Code4Arm.ExecutionCore.Dwarf\Code4Arm.ExecutionCore.Dwarf.csproj", "{D28C93D3-EB39-49FC-B05C-557C62A49548}"
EndProject
Project("{9A19103F-16F7-4668-BE54-9A1E7A4F7556}") = "Code4Arm.ExecutionService", "Code4Arm.ExecutionService\Code4Arm.ExecutionService.csproj", "{2AB9358E-6301-4A67-8650-8BA2EBE591A7}"
EndProject
Project("{FAE04EC0-301F-11D3-BF4B-00C04F79EFBC}") = "PreprocessorExperiments", "PreprocessorExperiments\PreprocessorExperiments.csproj", "{C061CB07-1352-429F-96DA-8B43A5B5C5E0}"
EndProject
Project("{2150E333-8FDC-42A3-9474-1A3956D46DE8}") = "execution", "execution", "{5BFA010D-84E2-46EF-AE9C-908980BE754A}"
EndProject
Project("{2150E333-8FDC-42A3-9474-1A3956D46DE8}") = "langserver", "langserver", "{75929024-A3D6-4DF2-98AF-217D268F0209}"
EndProject
Project("{2150E333-8FDC-42A3-9474-1A3956D46DE8}") = "utils", "utils", "{FC502375-68AA-432D-BF44-EC3BF7B52676}"
EndProject
Project("{FAE04EC0-301F-11D3-BF4B-00C04F79EFBC}") = "GrammarMaker", "GrammarMaker\GrammarMaker.csproj", "{9379BF03-1664-4EF6-8D13-200ADB8CF02D}"
EndProject
Global
	GlobalSection(SolutionConfigurationPlatforms) = preSolution
		Debug|Any CPU = Debug|Any CPU
		Debug|x64 = Debug|x64
		Debug|x86 = Debug|x86
		Release|Any CPU = Release|Any CPU
		Release|x64 = Release|x64
		Release|x86 = Release|x86
	EndGlobalSection
	GlobalSection(ProjectConfigurationPlatforms) = postSolution
		{C827533A-7569-40C2-8F0D-4A292B73C591}.Debug|Any CPU.ActiveCfg = Debug|Any CPU
		{C827533A-7569-40C2-8F0D-4A292B73C591}.Debug|Any CPU.Build.0 = Debug|Any CPU
		{C827533A-7569-40C2-8F0D-4A292B73C591}.Debug|x64.ActiveCfg = Debug|Any CPU
		{C827533A-7569-40C2-8F0D-4A292B73C591}.Debug|x64.Build.0 = Debug|Any CPU
		{C827533A-7569-40C2-8F0D-4A292B73C591}.Debug|x86.ActiveCfg = Debug|Any CPU
		{C827533A-7569-40C2-8F0D-4A292B73C591}.Debug|x86.Build.0 = Debug|Any CPU
		{C827533A-7569-40C2-8F0D-4A292B73C591}.Release|Any CPU.ActiveCfg = Release|Any CPU
		{C827533A-7569-40C2-8F0D-4A292B73C591}.Release|Any CPU.Build.0 = Release|Any CPU
		{C827533A-7569-40C2-8F0D-4A292B73C591}.Release|x64.ActiveCfg = Release|Any CPU
		{C827533A-7569-40C2-8F0D-4A292B73C591}.Release|x64.Build.0 = Release|Any CPU
		{C827533A-7569-40C2-8F0D-4A292B73C591}.Release|x86.ActiveCfg = Release|Any CPU
		{C827533A-7569-40C2-8F0D-4A292B73C591}.Release|x86.Build.0 = Release|Any CPU
		{852EF7FD-68CC-4157-B8B6-6578B9D6D939}.Debug|Any CPU.ActiveCfg = Debug|Any CPU
		{852EF7FD-68CC-4157-B8B6-6578B9D6D939}.Debug|Any CPU.Build.0 = Debug|Any CPU
		{852EF7FD-68CC-4157-B8B6-6578B9D6D939}.Debug|x64.ActiveCfg = Debug|Any CPU
		{852EF7FD-68CC-4157-B8B6-6578B9D6D939}.Debug|x64.Build.0 = Debug|Any CPU
		{852EF7FD-68CC-4157-B8B6-6578B9D6D939}.Debug|x86.ActiveCfg = Debug|Any CPU
		{852EF7FD-68CC-4157-B8B6-6578B9D6D939}.Debug|x86.Build.0 = Debug|Any CPU
		{852EF7FD-68CC-4157-B8B6-6578B9D6D939}.Release|Any CPU.ActiveCfg = Release|Any CPU
		{852EF7FD-68CC-4157-B8B6-6578B9D6D939}.Release|Any CPU.Build.0 = Release|Any CPU
		{852EF7FD-68CC-4157-B8B6-6578B9D6D939}.Release|x64.ActiveCfg = Release|Any CPU
		{852EF7FD-68CC-4157-B8B6-6578B9D6D939}.Release|x64.Build.0 = Release|Any CPU
		{852EF7FD-68CC-4157-B8B6-6578B9D6D939}.Release|x86.ActiveCfg = Release|Any CPU
		{852EF7FD-68CC-4157-B8B6-6578B9D6D939}.Release|x86.Build.0 = Release|Any CPU
		{98417894-2E87-490F-AB2B-5ED41AE6B3BD}.Debug|Any CPU.ActiveCfg = Debug|Any CPU
		{98417894-2E87-490F-AB2B-5ED41AE6B3BD}.Debug|Any CPU.Build.0 = Debug|Any CPU
		{98417894-2E87-490F-AB2B-5ED41AE6B3BD}.Debug|x64.ActiveCfg = Debug|x64
		{98417894-2E87-490F-AB2B-5ED41AE6B3BD}.Debug|x64.Build.0 = Debug|x64
		{98417894-2E87-490F-AB2B-5ED41AE6B3BD}.Debug|x86.ActiveCfg = Debug|x86
		{98417894-2E87-490F-AB2B-5ED41AE6B3BD}.Debug|x86.Build.0 = Debug|x86
		{98417894-2E87-490F-AB2B-5ED41AE6B3BD}.Release|Any CPU.ActiveCfg = Release|Any CPU
		{98417894-2E87-490F-AB2B-5ED41AE6B3BD}.Release|Any CPU.Build.0 = Release|Any CPU
		{98417894-2E87-490F-AB2B-5ED41AE6B3BD}.Release|x64.ActiveCfg = Release|x64
		{98417894-2E87-490F-AB2B-5ED41AE6B3BD}.Release|x64.Build.0 = Release|x64
		{98417894-2E87-490F-AB2B-5ED41AE6B3BD}.Release|x86.ActiveCfg = Release|x86
		{98417894-2E87-490F-AB2B-5ED41AE6B3BD}.Release|x86.Build.0 = Release|x86
		{FAFA8A42-D25E-4A0C-AAFC-6608DBB98794}.Debug|Any CPU.ActiveCfg = Debug|Any CPU
		{FAFA8A42-D25E-4A0C-AAFC-6608DBB98794}.Debug|Any CPU.Build.0 = Debug|Any CPU
		{FAFA8A42-D25E-4A0C-AAFC-6608DBB98794}.Debug|x64.ActiveCfg = Debug|x64
		{FAFA8A42-D25E-4A0C-AAFC-6608DBB98794}.Debug|x64.Build.0 = Debug|x64
		{FAFA8A42-D25E-4A0C-AAFC-6608DBB98794}.Debug|x86.ActiveCfg = Debug|x86
		{FAFA8A42-D25E-4A0C-AAFC-6608DBB98794}.Debug|x86.Build.0 = Debug|x86
		{FAFA8A42-D25E-4A0C-AAFC-6608DBB98794}.Release|Any CPU.ActiveCfg = Release|Any CPU
		{FAFA8A42-D25E-4A0C-AAFC-6608DBB98794}.Release|Any CPU.Build.0 = Release|Any CPU
		{FAFA8A42-D25E-4A0C-AAFC-6608DBB98794}.Release|x64.ActiveCfg = Release|x64
		{FAFA8A42-D25E-4A0C-AAFC-6608DBB98794}.Release|x64.Build.0 = Release|x64
		{FAFA8A42-D25E-4A0C-AAFC-6608DBB98794}.Release|x86.ActiveCfg = Release|x86
		{FAFA8A42-D25E-4A0C-AAFC-6608DBB98794}.Release|x86.Build.0 = Release|x86
		{8892001C-2B2E-457D-9DF6-A9DB9A4B87D6}.Debug|Any CPU.ActiveCfg = Debug|Any CPU
		{8892001C-2B2E-457D-9DF6-A9DB9A4B87D6}.Debug|Any CPU.Build.0 = Debug|Any CPU
		{8892001C-2B2E-457D-9DF6-A9DB9A4B87D6}.Debug|x64.ActiveCfg = Debug|x64
		{8892001C-2B2E-457D-9DF6-A9DB9A4B87D6}.Debug|x64.Build.0 = Debug|x64
		{8892001C-2B2E-457D-9DF6-A9DB9A4B87D6}.Debug|x86.ActiveCfg = Debug|x86
		{8892001C-2B2E-457D-9DF6-A9DB9A4B87D6}.Debug|x86.Build.0 = Debug|x86
		{8892001C-2B2E-457D-9DF6-A9DB9A4B87D6}.Release|Any CPU.ActiveCfg = Release|Any CPU
		{8892001C-2B2E-457D-9DF6-A9DB9A4B87D6}.Release|Any CPU.Build.0 = Release|Any CPU
		{8892001C-2B2E-457D-9DF6-A9DB9A4B87D6}.Release|x64.ActiveCfg = Release|x64
		{8892001C-2B2E-457D-9DF6-A9DB9A4B87D6}.Release|x64.Build.0 = Release|x64
		{8892001C-2B2E-457D-9DF6-A9DB9A4B87D6}.Release|x86.ActiveCfg = Release|x86
		{8892001C-2B2E-457D-9DF6-A9DB9A4B87D6}.Release|x86.Build.0 = Release|x86
		{FD1FC091-2706-4AB2-816A-BDFBCD13FC64}.Debug|Any CPU.ActiveCfg = Debug|Any CPU
		{FD1FC091-2706-4AB2-816A-BDFBCD13FC64}.Debug|Any CPU.Build.0 = Debug|Any CPU
		{FD1FC091-2706-4AB2-816A-BDFBCD13FC64}.Debug|x64.ActiveCfg = Debug|x64
		{FD1FC091-2706-4AB2-816A-BDFBCD13FC64}.Debug|x64.Build.0 = Debug|x64
		{FD1FC091-2706-4AB2-816A-BDFBCD13FC64}.Debug|x86.ActiveCfg = Debug|x86
		{FD1FC091-2706-4AB2-816A-BDFBCD13FC64}.Debug|x86.Build.0 = Debug|x86
		{FD1FC091-2706-4AB2-816A-BDFBCD13FC64}.Release|Any CPU.ActiveCfg = Release|Any CPU
		{FD1FC091-2706-4AB2-816A-BDFBCD13FC64}.Release|Any CPU.Build.0 = Release|Any CPU
		{FD1FC091-2706-4AB2-816A-BDFBCD13FC64}.Release|x64.ActiveCfg = Release|x64
		{FD1FC091-2706-4AB2-816A-BDFBCD13FC64}.Release|x64.Build.0 = Release|x64
		{FD1FC091-2706-4AB2-816A-BDFBCD13FC64}.Release|x86.ActiveCfg = Release|x86
		{FD1FC091-2706-4AB2-816A-BDFBCD13FC64}.Release|x86.Build.0 = Release|x86
		{D28C93D3-EB39-49FC-B05C-557C62A49548}.Debug|Any CPU.ActiveCfg = Debug|Any CPU
		{D28C93D3-EB39-49FC-B05C-557C62A49548}.Debug|Any CPU.Build.0 = Debug|Any CPU
		{D28C93D3-EB39-49FC-B05C-557C62A49548}.Debug|x64.ActiveCfg = Debug|x64
		{D28C93D3-EB39-49FC-B05C-557C62A49548}.Debug|x64.Build.0 = Debug|x64
		{D28C93D3-EB39-49FC-B05C-557C62A49548}.Debug|x86.ActiveCfg = Debug|x86
		{D28C93D3-EB39-49FC-B05C-557C62A49548}.Debug|x86.Build.0 = Debug|x86
		{D28C93D3-EB39-49FC-B05C-557C62A49548}.Release|Any CPU.ActiveCfg = Release|Any CPU
		{D28C93D3-EB39-49FC-B05C-557C62A49548}.Release|Any CPU.Build.0 = Release|Any CPU
		{D28C93D3-EB39-49FC-B05C-557C62A49548}.Release|x64.ActiveCfg = Release|x64
		{D28C93D3-EB39-49FC-B05C-557C62A49548}.Release|x64.Build.0 = Release|x64
		{D28C93D3-EB39-49FC-B05C-557C62A49548}.Release|x86.ActiveCfg = Release|x86
		{D28C93D3-EB39-49FC-B05C-557C62A49548}.Release|x86.Build.0 = Release|x86
		{2AB9358E-6301-4A67-8650-8BA2EBE591A7}.Debug|Any CPU.ActiveCfg = Debug|Any CPU
		{2AB9358E-6301-4A67-8650-8BA2EBE591A7}.Debug|Any CPU.Build.0 = Debug|Any CPU
		{2AB9358E-6301-4A67-8650-8BA2EBE591A7}.Debug|x64.ActiveCfg = Debug|x64
		{2AB9358E-6301-4A67-8650-8BA2EBE591A7}.Debug|x64.Build.0 = Debug|x64
		{2AB9358E-6301-4A67-8650-8BA2EBE591A7}.Debug|x86.ActiveCfg = Debug|x86
		{2AB9358E-6301-4A67-8650-8BA2EBE591A7}.Debug|x86.Build.0 = Debug|x86
		{2AB9358E-6301-4A67-8650-8BA2EBE591A7}.Release|Any CPU.ActiveCfg = Release|Any CPU
		{2AB9358E-6301-4A67-8650-8BA2EBE591A7}.Release|Any CPU.Build.0 = Release|Any CPU
		{2AB9358E-6301-4A67-8650-8BA2EBE591A7}.Release|x64.ActiveCfg = Release|x64
		{2AB9358E-6301-4A67-8650-8BA2EBE591A7}.Release|x64.Build.0 = Release|x64
		{2AB9358E-6301-4A67-8650-8BA2EBE591A7}.Release|x86.ActiveCfg = Release|x86
		{2AB9358E-6301-4A67-8650-8BA2EBE591A7}.Release|x86.Build.0 = Release|x86
		{C061CB07-1352-429F-96DA-8B43A5B5C5E0}.Debug|Any CPU.ActiveCfg = Debug|Any CPU
		{C061CB07-1352-429F-96DA-8B43A5B5C5E0}.Debug|Any CPU.Build.0 = Debug|Any CPU
		{C061CB07-1352-429F-96DA-8B43A5B5C5E0}.Debug|x64.ActiveCfg = Debug|Any CPU
		{C061CB07-1352-429F-96DA-8B43A5B5C5E0}.Debug|x64.Build.0 = Debug|Any CPU
		{C061CB07-1352-429F-96DA-8B43A5B5C5E0}.Debug|x86.ActiveCfg = Debug|Any CPU
		{C061CB07-1352-429F-96DA-8B43A5B5C5E0}.Debug|x86.Build.0 = Debug|Any CPU
		{C061CB07-1352-429F-96DA-8B43A5B5C5E0}.Release|Any CPU.ActiveCfg = Release|Any CPU
		{C061CB07-1352-429F-96DA-8B43A5B5C5E0}.Release|Any CPU.Build.0 = Release|Any CPU
		{C061CB07-1352-429F-96DA-8B43A5B5C5E0}.Release|x64.ActiveCfg = Release|Any CPU
		{C061CB07-1352-429F-96DA-8B43A5B5C5E0}.Release|x64.Build.0 = Release|Any CPU
		{C061CB07-1352-429F-96DA-8B43A5B5C5E0}.Release|x86.ActiveCfg = Release|Any CPU
		{C061CB07-1352-429F-96DA-8B43A5B5C5E0}.Release|x86.Build.0 = Release|Any CPU
		{9379BF03-1664-4EF6-8D13-200ADB8CF02D}.Debug|Any CPU.ActiveCfg = Debug|Any CPU
		{9379BF03-1664-4EF6-8D13-200ADB8CF02D}.Debug|Any CPU.Build.0 = Debug|Any CPU
		{9379BF03-1664-4EF6-8D13-200ADB8CF02D}.Debug|x64.ActiveCfg = Debug|Any CPU
		{9379BF03-1664-4EF6-8D13-200ADB8CF02D}.Debug|x64.Build.0 = Debug|Any CPU
		{9379BF03-1664-4EF6-8D13-200ADB8CF02D}.Debug|x86.ActiveCfg = Debug|Any CPU
		{9379BF03-1664-4EF6-8D13-200ADB8CF02D}.Debug|x86.Build.0 = Debug|Any CPU
		{9379BF03-1664-4EF6-8D13-200ADB8CF02D}.Release|Any CPU.ActiveCfg = Release|Any CPU
		{9379BF03-1664-4EF6-8D13-200ADB8CF02D}.Release|Any CPU.Build.0 = Release|Any CPU
		{9379BF03-1664-4EF6-8D13-200ADB8CF02D}.Release|x64.ActiveCfg = Release|Any CPU
		{9379BF03-1664-4EF6-8D13-200ADB8CF02D}.Release|x64.Build.0 = Release|Any CPU
		{9379BF03-1664-4EF6-8D13-200ADB8CF02D}.Release|x86.ActiveCfg = Release|Any CPU
		{9379BF03-1664-4EF6-8D13-200ADB8CF02D}.Release|x86.Build.0 = Release|Any CPU
	EndGlobalSection
	GlobalSection(SolutionProperties) = preSolution
		HideSolutionNode = FALSE
	EndGlobalSection
	GlobalSection(ExtensibilityGlobals) = postSolution
		SolutionGuid = {F116374B-8D57-4BD0-A290-895532BFCB00}
	EndGlobalSection
	GlobalSection(NestedProjects) = preSolution
		{98417894-2E87-490F-AB2B-5ED41AE6B3BD} = {5BFA010D-84E2-46EF-AE9C-908980BE754A}
		{D28C93D3-EB39-49FC-B05C-557C62A49548} = {5BFA010D-84E2-46EF-AE9C-908980BE754A}
		{FD1FC091-2706-4AB2-816A-BDFBCD13FC64} = {5BFA010D-84E2-46EF-AE9C-908980BE754A}
		{2AB9358E-6301-4A67-8650-8BA2EBE591A7} = {5BFA010D-84E2-46EF-AE9C-908980BE754A}
		{C827533A-7569-40C2-8F0D-4A292B73C591} = {75929024-A3D6-4DF2-98AF-217D268F0209}
		{852EF7FD-68CC-4157-B8B6-6578B9D6D939} = {75929024-A3D6-4DF2-98AF-217D268F0209}
		{FAFA8A42-D25E-4A0C-AAFC-6608DBB98794} = {FC502375-68AA-432D-BF44-EC3BF7B52676}
		{C061CB07-1352-429F-96DA-8B43A5B5C5E0} = {FC502375-68AA-432D-BF44-EC3BF7B52676}
		{8892001C-2B2E-457D-9DF6-A9DB9A4B87D6} = {5BFA010D-84E2-46EF-AE9C-908980BE754A}
		{9379BF03-1664-4EF6-8D13-200ADB8CF02D} = {FC502375-68AA-432D-BF44-EC3BF7B52676}
	EndGlobalSection
EndGlobal
